// !$*UTF8*$!
{
	archiveVersion = 1;
	classes = {
	};
	objectVersion = 46;
	objects = {

/* Begin PBXBuildFile section */
		9463E58E1F19486400290894 /* AppDelegate.swift in Sources */ = {isa = PBXBuildFile; fileRef = 9463E58D1F19486400290894 /* AppDelegate.swift */; };
		9463E5901F19486400290894 /* ViewController.swift in Sources */ = {isa = PBXBuildFile; fileRef = 9463E58F1F19486400290894 /* ViewController.swift */; };
		9463E5931F19486400290894 /* Main.storyboard in Resources */ = {isa = PBXBuildFile; fileRef = 9463E5911F19486400290894 /* Main.storyboard */; };
		9463E5951F19486400290894 /* Assets.xcassets in Resources */ = {isa = PBXBuildFile; fileRef = 9463E5941F19486400290894 /* Assets.xcassets */; };
		9463E5981F19486400290894 /* LaunchScreen.storyboard in Resources */ = {isa = PBXBuildFile; fileRef = 9463E5961F19486400290894 /* LaunchScreen.storyboard */; };
/* End PBXBuildFile section */

/* Begin PBXFileReference section */
		9463E58A1F19486400290894 /* HTTP Examples.app */ = {isa = PBXFileReference; explicitFileType = wrapper.application; includeInIndex = 0; path = "HTTP Examples.app"; sourceTree = BUILT_PRODUCTS_DIR; };
		9463E58D1F19486400290894 /* AppDelegate.swift */ = {isa = PBXFileReference; lastKnownFileType = sourcecode.swift; path = AppDelegate.swift; sourceTree = "<group>"; };
		9463E58F1F19486400290894 /* ViewController.swift */ = {isa = PBXFileReference; lastKnownFileType = sourcecode.swift; path = ViewController.swift; sourceTree = "<group>"; };
		9463E5921F19486400290894 /* Base */ = {isa = PBXFileReference; lastKnownFileType = file.storyboard; name = Base; path = Base.lproj/Main.storyboard; sourceTree = "<group>"; };
		9463E5941F19486400290894 /* Assets.xcassets */ = {isa = PBXFileReference; lastKnownFileType = folder.assetcatalog; path = Assets.xcassets; sourceTree = "<group>"; };
		9463E5971F19486400290894 /* Base */ = {isa = PBXFileReference; lastKnownFileType = file.storyboard; name = Base; path = Base.lproj/LaunchScreen.storyboard; sourceTree = "<group>"; };
		9463E5991F19486400290894 /* Info.plist */ = {isa = PBXFileReference; lastKnownFileType = text.plist.xml; path = Info.plist; sourceTree = "<group>"; };
/* End PBXFileReference section */

/* Begin PBXFrameworksBuildPhase section */
		9463E5871F19486400290894 /* Frameworks */ = {
			isa = PBXFrameworksBuildPhase;
			buildActionMask = 2147483647;
			files = (
			);
			runOnlyForDeploymentPostprocessing = 0;
		};
/* End PBXFrameworksBuildPhase section */

/* Begin PBXGroup section */
		9463E5811F19486400290894 = {
			isa = PBXGroup;
			children = (
				9463E58C1F19486400290894 /* HTTP Examples */,
				9463E58B1F19486400290894 /* Products */,
			);
			sourceTree = "<group>";
		};
		9463E58B1F19486400290894 /* Products */ = {
			isa = PBXGroup;
			children = (
				9463E58A1F19486400290894 /* HTTP Examples.app */,
			);
			name = Products;
			sourceTree = "<group>";
		};
		9463E58C1F19486400290894 /* HTTP Examples */ = {
			isa = PBXGroup;
			children = (
				9463E58D1F19486400290894 /* AppDelegate.swift */,
				9463E58F1F19486400290894 /* ViewController.swift */,
				9463E5911F19486400290894 /* Main.storyboard */,
				9463E5941F19486400290894 /* Assets.xcassets */,
				9463E5961F19486400290894 /* LaunchScreen.storyboard */,
				9463E5991F19486400290894 /* Info.plist */,
			);
			path = "HTTP Examples";
			sourceTree = "<group>";
		};
/* End PBXGroup section */

/* Begin PBXNativeTarget section */
		9463E5891F19486400290894 /* HTTP Examples */ = {
			isa = PBXNativeTarget;
			buildConfigurationList = 9463E59C1F19486400290894 /* Build configuration list for PBXNativeTarget "HTTP Examples" */;
			buildPhases = (
				9463E5861F19486400290894 /* Sources */,
				9463E5871F19486400290894 /* Frameworks */,
				9463E5881F19486400290894 /* Resources */,
			);
			buildRules = (
			);
			dependencies = (
			);
			name = "HTTP Examples";
			productName = "HTTP Examples";
			productReference = 9463E58A1F19486400290894 /* HTTP Examples.app */;
			productType = "com.apple.product-type.application";
		};
/* End PBXNativeTarget section */

/* Begin PBXProject section */
		9463E5821F19486400290894 /* Project object */ = {
			isa = PBXProject;
			attributes = {
				LastSwiftUpdateCheck = 0830;
				LastUpgradeCheck = 0830;
				ORGANIZATIONNAME = "Ryan Knights";
				TargetAttributes = {
					9463E5891F19486400290894 = {
						CreatedOnToolsVersion = 8.3.3;
						DevelopmentTeam = J63R4WY623;
						ProvisioningStyle = Automatic;
					};
				};
			};
			buildConfigurationList = 9463E5851F19486400290894 /* Build configuration list for PBXProject "HTTP Examples" */;
			compatibilityVersion = "Xcode 3.2";
			developmentRegion = English;
			hasScannedForEncodings = 0;
			knownRegions = (
				en,
				Base,
			);
			mainGroup = 9463E5811F19486400290894;
			productRefGroup = 9463E58B1F19486400290894 /* Products */;
			projectDirPath = "";
			projectRoot = "";
			targets = (
				9463E5891F19486400290894 /* HTTP Examples */,
			);
		};
/* End PBXProject section */

/* Begin PBXResourcesBuildPhase section */
		9463E5881F19486400290894 /* Resources */ = {
			isa = PBXResourcesBuildPhase;
			buildActionMask = 2147483647;
			files = (
				9463E5981F19486400290894 /* LaunchScreen.storyboard in Resources */,
				9463E5951F19486400290894 /* Assets.xcassets in Resources */,
				9463E5931F19486400290894 /* Main.storyboard in Resources */,
			);
			runOnlyForDeploymentPostprocessing = 0;
		};
/* End PBXResourcesBuildPhase section */

/* Begin PBXSourcesBuildPhase section */
		9463E5861F19486400290894 /* Sources */ = {
			isa = PBXSourcesBuildPhase;
			buildActionMask = 2147483647;
			files = (
				9463E5901F19486400290894 /* ViewController.swift in Sources */,
				9463E58E1F19486400290894 /* AppDelegate.swift in Sources */,
			);
			runOnlyForDeploymentPostprocessing = 0;
		};
/* End PBXSourcesBuildPhase section */

/* Begin PBXVariantGroup section */
		9463E5911F19486400290894 /* Main.storyboard */ = {
			isa = PBXVariantGroup;
			children = (
				9463E5921F19486400290894 /* Base */,
			);
			name = Main.storyboard;
			sourceTree = "<group>";
		};
		9463E5961F19486400290894 /* LaunchScreen.storyboard */ = {
			isa = PBXVariantGroup;
			children = (
				9463E5971F19486400290894 /* Base */,
			);
			name = LaunchScreen.storyboard;
			sourceTree = "<group>";
		};
/* End PBXVariantGroup section */

/* Begin XCBuildConfiguration section */
		9463E59A1F19486400290894 /* Debug */ = {
			isa = XCBuildConfiguration;
			buildSettings = {
				ALWAYS_SEARCH_USER_PATHS = NO;
				CLANG_ANALYZER_NONNULL = YES;
				CLANG_ANALYZER_NUMBER_OBJECT_CONVERSION = YES_AGGRESSIVE;
				CLANG_CXX_LANGUAGE_STANDARD = "gnu++0x";
				CLANG_CXX_LIBRARY = "libc++";
				CLANG_ENABLE_MODULES = YES;
				CLANG_ENABLE_OBJC_ARC = YES;
				CLANG_WARN_BOOL_CONVERSION = YES;
				CLANG_WARN_CONSTANT_CONVERSION = YES;
				CLANG_WARN_DIRECT_OBJC_ISA_USAGE = YES_ERROR;
				CLANG_WARN_DOCUMENTATION_COMMENTS = YES;
				CLANG_WARN_EMPTY_BODY = YES;
				CLANG_WARN_ENUM_CONVERSION = YES;
				CLANG_WARN_INFINITE_RECURSION = YES;
				CLANG_WARN_INT_CONVERSION = YES;
				CLANG_WARN_OBJC_ROOT_CLASS = YES_ERROR;
				CLANG_WARN_SUSPICIOUS_MOVE = YES;
				CLANG_WARN_UNREACHABLE_CODE = YES;
				CLANG_WARN__DUPLICATE_METHOD_MATCH = YES;
				"CODE_SIGN_IDENTITY[sdk=iphoneos*]" = "iPhone Developer";
				COPY_PHASE_STRIP = NO;
				DEBUG_INFORMATION_FORMAT = dwarf;
				ENABLE_STRICT_OBJC_MSGSEND = YES;
				ENABLE_TESTABILITY = YES;
				GCC_C_LANGUAGE_STANDARD = gnu99;
				GCC_DYNAMIC_NO_PIC = NO;
				GCC_NO_COMMON_BLOCKS = YES;
				GCC_OPTIMIZATION_LEVEL = 0;
				GCC_PREPROCESSOR_DEFINITIONS = (
					"DEBUG=1",
					"$(inherited)",
				);
				GCC_WARN_64_TO_32_BIT_CONVERSION = YES;
				GCC_WARN_ABOUT_RETURN_TYPE = YES_ERROR;
				GCC_WARN_UNDECLARED_SELECTOR = YES;
				GCC_WARN_UNINITIALIZED_AUTOS = YES_AGGRESSIVE;
				GCC_WARN_UNUSED_FUNCTION = YES;
				GCC_WARN_UNUSED_VARIABLE = YES;
				IPHONEOS_DEPLOYMENT_TARGET = 10.3;
				MTL_ENABLE_DEBUG_INFO = YES;
				ONLY_ACTIVE_ARCH = YES;
				SDKROOT = iphoneos;
				SWIFT_ACTIVE_COMPILATION_CONDITIONS = DEBUG;
				SWIFT_OPTIMIZATION_LEVEL = "-Onone";
			};
			name = Debug;
		};
		9463E59B1F19486400290894 /* Release */ = {
			isa = XCBuildConfiguration;
			buildSettings = {
				ALWAYS_SEARCH_USER_PATHS = NO;
				CLANG_ANALYZER_NONNULL = YES;
				CLANG_ANALYZER_NUMBER_OBJECT_CONVERSION = YES_AGGRESSIVE;
				CLANG_CXX_LANGUAGE_STANDARD = "gnu++0x";
				CLANG_CXX_LIBRARY = "libc++";
				CLANG_ENABLE_MODULES = YES;
				CLANG_ENABLE_OBJC_ARC = YES;
				CLANG_WARN_BOOL_CONVERSION = YES;
				CLANG_WARN_CONSTANT_CONVERSION = YES;
				CLANG_WARN_DIRECT_OBJC_ISA_USAGE = YES_ERROR;
				CLANG_WARN_DOCUMENTATION_COMMENTS = YES;
				CLANG_WARN_EMPTY_BODY = YES;
				CLANG_WARN_ENUM_CONVERSION = YES;
				CLANG_WARN_INFINITE_RECURSION = YES;
				CLANG_WARN_INT_CONVERSION = YES;
				CLANG_WARN_OBJC_ROOT_CLASS = YES_ERROR;
				CLANG_WARN_SUSPICIOUS_MOVE = YES;
				CLANG_WARN_UNREACHABLE_CODE = YES;
				CLANG_WARN__DUPLICATE_METHOD_MATCH = YES;
				"CODE_SIGN_IDENTITY[sdk=iphoneos*]" = "iPhone Developer";
				COPY_PHASE_STRIP = NO;
				DEBUG_INFORMATION_FORMAT = "dwarf-with-dsym";
				ENABLE_NS_ASSERTIONS = NO;
				ENABLE_STRICT_OBJC_MSGSEND = YES;
				GCC_C_LANGUAGE_STANDARD = gnu99;
				GCC_NO_COMMON_BLOCKS = YES;
				GCC_WARN_64_TO_32_BIT_CONVERSION = YES;
				GCC_WARN_ABOUT_RETURN_TYPE = YES_ERROR;
				GCC_WARN_UNDECLARED_SELECTOR = YES;
				GCC_WARN_UNINITIALIZED_AUTOS = YES_AGGRESSIVE;
				GCC_WARN_UNUSED_FUNCTION = YES;
				GCC_WARN_UNUSED_VARIABLE = YES;
				IPHONEOS_DEPLOYMENT_TARGET = 10.3;
				MTL_ENABLE_DEBUG_INFO = NO;
				SDKROOT = iphoneos;
				SWIFT_OPTIMIZATION_LEVEL = "-Owholemodule";
				VALIDATE_PRODUCT = YES;
			};
			name = Release;
		};
		9463E59D1F19486400290894 /* Debug */ = {
			isa = XCBuildConfiguration;
			buildSettings = {
				ASSETCATALOG_COMPILER_APPICON_NAME = AppIcon;
				DEVELOPMENT_TEAM = J63R4WY623;
				INFOPLIST_FILE = "HTTP Examples/Info.plist";
				IPHONEOS_DEPLOYMENT_TARGET = 10.2;
				LD_RUNPATH_SEARCH_PATHS = "$(inherited) @executable_path/Frameworks";
				PRODUCT_BUNDLE_IDENTIFIER = "com.ryanknights.HTTP-Examples";
				PRODUCT_NAME = "$(TARGET_NAME)";
				SWIFT_VERSION = 3.0;
			};
			name = Debug;
		};
		9463E59E1F19486400290894 /* Release */ = {
			isa = XCBuildConfiguration;
			buildSettings = {
				ASSETCATALOG_COMPILER_APPICON_NAME = AppIcon;
				DEVELOPMENT_TEAM = J63R4WY623;
				INFOPLIST_FILE = "HTTP Examples/Info.plist";
				IPHONEOS_DEPLOYMENT_TARGET = 10.2;
				LD_RUNPATH_SEARCH_PATHS = "$(inherited) @executable_path/Frameworks";
				PRODUCT_BUNDLE_IDENTIFIER = "com.ryanknights.HTTP-Examples";
				PRODUCT_NAME = "$(TARGET_NAME)";
				SWIFT_VERSION = 3.0;
			};
			name = Release;
		};
/* End XCBuildConfiguration section */

/* Begin XCConfigurationList section */
		9463E5851F19486400290894 /* Build configuration list for PBXProject "HTTP Examples" */ = {
			isa = XCConfigurationList;
			buildConfigurations = (
				9463E59A1F19486400290894 /* Debug */,
				9463E59B1F19486400290894 /* Release */,
			);
			defaultConfigurationIsVisible = 0;
			defaultConfigurationName = Release;
		};
		9463E59C1F19486400290894 /* Build configuration list for PBXNativeTarget "HTTP Examples" */ = {
			isa = XCConfigurationList;
			buildConfigurations = (
				9463E59D1F19486400290894 /* Debug */,
				9463E59E1F19486400290894 /* Release */,
			);
			defaultConfigurationIsVisible = 0;
			defaultConfigurationName = Release;
		};
/* End XCConfigurationList section */
	};
	rootObject = 9463E5821F19486400290894 /* Project object */;
}
